# This file is automatically @generated by Cargo.
# It is not intended for manual editing.
version = 3

[[package]]
name = "brainz-fm-application"
version = "0.1.0"
dependencies = [
 "brainz-fm-db",
 "brainz-fm-domain",
 "brainz-fm-web",
]

[[package]]
name = "brainz-fm-db"
version = "0.1.0"

[[package]]
name = "brainz-fm-domain"
version = "0.1.0"

[[package]]
name = "brainz-fm-web"
version = "0.1.0"
